// !$*UTF8*$!
{
	archiveVersion = 1;
	classes = {
	};
	objectVersion = 46;
	objects = {

/* Begin PBXBuildFile section */
		A0D44D631C7E4A9000C5604F /* AppDelegate.swift in Sources */ = {isa = PBXBuildFile; fileRef = A0D44D621C7E4A9000C5604F /* AppDelegate.swift */; };
		A0D44D651C7E4A9000C5604F /* ViewController.swift in Sources */ = {isa = PBXBuildFile; fileRef = A0D44D641C7E4A9000C5604F /* ViewController.swift */; };
		A0D44D681C7E4A9000C5604F /* Main.storyboard in Resources */ = {isa = PBXBuildFile; fileRef = A0D44D661C7E4A9000C5604F /* Main.storyboard */; };
		A0D44D6A1C7E4A9000C5604F /* Assets.xcassets in Resources */ = {isa = PBXBuildFile; fileRef = A0D44D691C7E4A9000C5604F /* Assets.xcassets */; };
		A0D44D6D1C7E4A9000C5604F /* LaunchScreen.storyboard in Resources */ = {isa = PBXBuildFile; fileRef = A0D44D6B1C7E4A9000C5604F /* LaunchScreen.storyboard */; };
/* End PBXBuildFile section */

/* Begin PBXFileReference section */
		A0D44D5F1C7E4A9000C5604F /* ValidatorValidation.app */ = {isa = PBXFileReference; explicitFileType = wrapper.application; includeInIndex = 0; path = ValidatorValidation.app; sourceTree = BUILT_PRODUCTS_DIR; };
		A0D44D621C7E4A9000C5604F /* AppDelegate.swift */ = {isa = PBXFileReference; lastKnownFileType = sourcecode.swift; path = AppDelegate.swift; sourceTree = "<group>"; };
		A0D44D641C7E4A9000C5604F /* ViewController.swift */ = {isa = PBXFileReference; lastKnownFileType = sourcecode.swift; path = ViewController.swift; sourceTree = "<group>"; };
		A0D44D671C7E4A9000C5604F /* Base */ = {isa = PBXFileReference; lastKnownFileType = file.storyboard; name = Base; path = Base.lproj/Main.storyboard; sourceTree = "<group>"; };
		A0D44D691C7E4A9000C5604F /* Assets.xcassets */ = {isa = PBXFileReference; lastKnownFileType = folder.assetcatalog; path = Assets.xcassets; sourceTree = "<group>"; };
		A0D44D6C1C7E4A9000C5604F /* Base */ = {isa = PBXFileReference; lastKnownFileType = file.storyboard; name = Base; path = Base.lproj/LaunchScreen.storyboard; sourceTree = "<group>"; };
		A0D44D6E1C7E4A9000C5604F /* Info.plist */ = {isa = PBXFileReference; lastKnownFileType = text.plist.xml; path = Info.plist; sourceTree = "<group>"; };
/* End PBXFileReference section */

/* Begin PBXFrameworksBuildPhase section */
		A0D44D5C1C7E4A9000C5604F /* Frameworks */ = {
			isa = PBXFrameworksBuildPhase;
			buildActionMask = 2147483647;
			files = (
			);
			runOnlyForDeploymentPostprocessing = 0;
		};
/* End PBXFrameworksBuildPhase section */

/* Begin PBXGroup section */
		A0D44D561C7E4A9000C5604F = {
			isa = PBXGroup;
			children = (
				A0D44D611C7E4A9000C5604F /* ValidatorValidation */,
				A0D44D601C7E4A9000C5604F /* Products */,
			);
			sourceTree = "<group>";
		};
		A0D44D601C7E4A9000C5604F /* Products */ = {
			isa = PBXGroup;
			children = (
				A0D44D5F1C7E4A9000C5604F /* ValidatorValidation.app */,
			);
			name = Products;
			sourceTree = "<group>";
		};
		A0D44D611C7E4A9000C5604F /* ValidatorValidation */ = {
			isa = PBXGroup;
			children = (
				A0D44D621C7E4A9000C5604F /* AppDelegate.swift */,
				A0D44D641C7E4A9000C5604F /* ViewController.swift */,
				A0D44D661C7E4A9000C5604F /* Main.storyboard */,
				A0D44D691C7E4A9000C5604F /* Assets.xcassets */,
				A0D44D6B1C7E4A9000C5604F /* LaunchScreen.storyboard */,
				A0D44D6E1C7E4A9000C5604F /* Info.plist */,
			);
			path = ValidatorValidation;
			sourceTree = "<group>";
		};
/* End PBXGroup section */

/* Begin PBXNativeTarget section */
		A0D44D5E1C7E4A9000C5604F /* ValidatorValidation */ = {
			isa = PBXNativeTarget;
			buildConfigurationList = A0D44D711C7E4A9000C5604F /* Build configuration list for PBXNativeTarget "ValidatorValidation" */;
			buildPhases = (
				A0D44D5B1C7E4A9000C5604F /* Sources */,
				A0D44D5C1C7E4A9000C5604F /* Frameworks */,
				A0D44D5D1C7E4A9000C5604F /* Resources */,
			);
			buildRules = (
			);
			dependencies = (
			);
			name = ValidatorValidation;
			productName = ValidatorValidation;
			productReference = A0D44D5F1C7E4A9000C5604F /* ValidatorValidation.app */;
			productType = "com.apple.product-type.application";
		};
/* End PBXNativeTarget section */

/* Begin PBXProject section */
		A0D44D571C7E4A9000C5604F /* Project object */ = {
			isa = PBXProject;
			attributes = {
				LastSwiftUpdateCheck = 0720;
				LastUpgradeCheck = 0720;
				ORGANIZATIONNAME = "Rajiv Ramaiah";
				TargetAttributes = {
					A0D44D5E1C7E4A9000C5604F = {
						CreatedOnToolsVersion = 7.2.1;
					};
				};
			};
			buildConfigurationList = A0D44D5A1C7E4A9000C5604F /* Build configuration list for PBXProject "ValidatorValidation" */;
			compatibilityVersion = "Xcode 3.2";
			developmentRegion = English;
			hasScannedForEncodings = 0;
			knownRegions = (
				en,
				Base,
			);
			mainGroup = A0D44D561C7E4A9000C5604F;
			productRefGroup = A0D44D601C7E4A9000C5604F /* Products */;
			projectDirPath = "";
			projectRoot = "";
			targets = (
				A0D44D5E1C7E4A9000C5604F /* ValidatorValidation */,
			);
		};
/* End PBXProject section */

/* Begin PBXResourcesBuildPhase section */
		A0D44D5D1C7E4A9000C5604F /* Resources */ = {
			isa = PBXResourcesBuildPhase;
			buildActionMask = 2147483647;
			files = (
				A0D44D6D1C7E4A9000C5604F /* LaunchScreen.storyboard in Resources */,
				A0D44D6A1C7E4A9000C5604F /* Assets.xcassets in Resources */,
				A0D44D681C7E4A9000C5604F /* Main.storyboard in Resources */,
			);
			runOnlyForDeploymentPostprocessing = 0;
		};
/* End PBXResourcesBuildPhase section */

/* Begin PBXSourcesBuildPhase section */
		A0D44D5B1C7E4A9000C5604F /* Sources */ = {
			isa = PBXSourcesBuildPhase;
			buildActionMask = 2147483647;
			files = (
				A0D44D651C7E4A9000C5604F /* ViewController.swift in Sources */,
				A0D44D631C7E4A9000C5604F /* AppDelegate.swift in Sources */,
			);
			runOnlyForDeploymentPostprocessing = 0;
		};
/* End PBXSourcesBuildPhase section */

/* Begin PBXVariantGroup section */
		A0D44D661C7E4A9000C5604F /* Main.storyboard */ = {
			isa = PBXVariantGroup;
			children = (
				A0D44D671C7E4A9000C5604F /* Base */,
			);
			name = Main.storyboard;
			sourceTree = "<group>";
		};
		A0D44D6B1C7E4A9000C5604F /* LaunchScreen.storyboard */ = {
			isa = PBXVariantGroup;
			children = (
				A0D44D6C1C7E4A9000C5604F /* Base */,
			);
			name = LaunchScreen.storyboard;
			sourceTree = "<group>";
		};
/* End PBXVariantGroup section */

/* Begin XCBuildConfiguration section */
		A0D44D6F1C7E4A9000C5604F /* Debug */ = {
			isa = XCBuildConfiguration;
			buildSettings = {
				ALWAYS_SEARCH_USER_PATHS = NO;
				CLANG_CXX_LANGUAGE_STANDARD = "gnu++0x";
				CLANG_CXX_LIBRARY = "libc++";
				CLANG_ENABLE_MODULES = YES;
				CLANG_ENABLE_OBJC_ARC = YES;
				CLANG_WARN_BOOL_CONVERSION = YES;
				CLANG_WARN_CONSTANT_CONVERSION = YES;
				CLANG_WARN_DIRECT_OBJC_ISA_USAGE = YES_ERROR;
				CLANG_WARN_EMPTY_BODY = YES;
				CLANG_WARN_ENUM_CONVERSION = YES;
				CLANG_WARN_INT_CONVERSION = YES;
				CLANG_WARN_OBJC_ROOT_CLASS = YES_ERROR;
				CLANG_WARN_UNREACHABLE_CODE = YES;
				CLANG_WARN__DUPLICATE_METHOD_MATCH = YES;
				"CODE_SIGN_IDENTITY[sdk=iphoneos*]" = "iPhone Developer";
				COPY_PHASE_STRIP = NO;
				DEBUG_INFORMATION_FORMAT = dwarf;
				ENABLE_STRICT_OBJC_MSGSEND = YES;
				ENABLE_TESTABILITY = YES;
				GCC_C_LANGUAGE_STANDARD = gnu99;
				GCC_DYNAMIC_NO_PIC = NO;
				GCC_NO_COMMON_BLOCKS = YES;
				GCC_OPTIMIZATION_LEVEL = 0;
				GCC_PREPROCESSOR_DEFINITIONS = (
					"DEBUG=1",
					"$(inherited)",
				);
				GCC_WARN_64_TO_32_BIT_CONVERSION = YES;
				GCC_WARN_ABOUT_RETURN_TYPE = YES_ERROR;
				GCC_WARN_UNDECLARED_SELECTOR = YES;
				GCC_WARN_UNINITIALIZED_AUTOS = YES_AGGRESSIVE;
				GCC_WARN_UNUSED_FUNCTION = YES;
				GCC_WARN_UNUSED_VARIABLE = YES;
				IPHONEOS_DEPLOYMENT_TARGET = 9.2;
				MTL_ENABLE_DEBUG_INFO = YES;
				ONLY_ACTIVE_ARCH = YES;
				SDKROOT = iphoneos;
				SWIFT_OPTIMIZATION_LEVEL = "-Onone";
				TARGETED_DEVICE_FAMILY = "1,2";
			};
			name = Debug;
		};
		A0D44D701C7E4A9000C5604F /* Release */ = {
			isa = XCBuildConfiguration;
			buildSettings = {
				ALWAYS_SEARCH_USER_PATHS = NO;
				CLANG_CXX_LANGUAGE_STANDARD = "gnu++0x";
				CLANG_CXX_LIBRARY = "libc++";
				CLANG_ENABLE_MODULES = YES;
				CLANG_ENABLE_OBJC_ARC = YES;
				CLANG_WARN_BOOL_CONVERSION = YES;
				CLANG_WARN_CONSTANT_CONVERSION = YES;
				CLANG_WARN_DIRECT_OBJC_ISA_USAGE = YES_ERROR;
				CLANG_WARN_EMPTY_BODY = YES;
				CLANG_WARN_ENUM_CONVERSION = YES;
				CLANG_WARN_INT_CONVERSION = YES;
				CLANG_WARN_OBJC_ROOT_CLASS = YES_ERROR;
				CLANG_WARN_UNREACHABLE_CODE = YES;
				CLANG_WARN__DUPLICATE_METHOD_MATCH = YES;
				"CODE_SIGN_IDENTITY[sdk=iphoneos*]" = "iPhone Developer";
				COPY_PHASE_STRIP = NO;
				DEBUG_INFORMATION_FORMAT = "dwarf-with-dsym";
				ENABLE_NS_ASSERTIONS = NO;
				ENABLE_STRICT_OBJC_MSGSEND = YES;
				GCC_C_LANGUAGE_STANDARD = gnu99;
				GCC_NO_COMMON_BLOCKS = YES;
				GCC_WARN_64_TO_32_BIT_CONVERSION = YES;
				GCC_WARN_ABOUT_RETURN_TYPE = YES_ERROR;
				GCC_WARN_UNDECLARED_SELECTOR = YES;
				GCC_WARN_UNINITIALIZED_AUTOS = YES_AGGRESSIVE;
				GCC_WARN_UNUSED_FUNCTION = YES;
				GCC_WARN_UNUSED_VARIABLE = YES;
				IPHONEOS_DEPLOYMENT_TARGET = 9.2;
				MTL_ENABLE_DEBUG_INFO = NO;
				SDKROOT = iphoneos;
				TARGETED_DEVICE_FAMILY = "1,2";
				VALIDATE_PRODUCT = YES;
			};
			name = Release;
		};
		A0D44D721C7E4A9000C5604F /* Debug */ = {
			isa = XCBuildConfiguration;
			buildSettings = {
				ASSETCATALOG_COMPILER_APPICON_NAME = AppIcon;
				INFOPLIST_FILE = ValidatorValidation/Info.plist;
				LD_RUNPATH_SEARCH_PATHS = "$(inherited) @executable_path/Frameworks";
				PRODUCT_BUNDLE_IDENTIFIER = com.rajivramaiah.ValidatorValidation;
				PRODUCT_NAME = "$(TARGET_NAME)";
			};
			name = Debug;
		};
		A0D44D731C7E4A9000C5604F /* Release */ = {
			isa = XCBuildConfiguration;
			buildSettings = {
				ASSETCATALOG_COMPILER_APPICON_NAME = AppIcon;
				INFOPLIST_FILE = ValidatorValidation/Info.plist;
				LD_RUNPATH_SEARCH_PATHS = "$(inherited) @executable_path/Frameworks";
				PRODUCT_BUNDLE_IDENTIFIER = com.rajivramaiah.ValidatorValidation;
				PRODUCT_NAME = "$(TARGET_NAME)";
			};
			name = Release;
		};
/* End XCBuildConfiguration section */

/* Begin XCConfigurationList section */
		A0D44D5A1C7E4A9000C5604F /* Build configuration list for PBXProject "ValidatorValidation" */ = {
			isa = XCConfigurationList;
			buildConfigurations = (
				A0D44D6F1C7E4A9000C5604F /* Debug */,
				A0D44D701C7E4A9000C5604F /* Release */,
			);
			defaultConfigurationIsVisible = 0;
			defaultConfigurationName = Release;
		};
		A0D44D711C7E4A9000C5604F /* Build configuration list for PBXNativeTarget "ValidatorValidation" */ = {
			isa = XCConfigurationList;
			buildConfigurations = (
				A0D44D721C7E4A9000C5604F /* Debug */,
				A0D44D731C7E4A9000C5604F /* Release */,
			);
			defaultConfigurationIsVisible = 0;
		};
/* End XCConfigurationList section */
	};
	rootObject = A0D44D571C7E4A9000C5604F /* Project object */;
}
